
Microsoft Visual Studio Solution File, Format Version 12.00
# Visual Studio 15
VisualStudioVersion = 15.0.26730.16
MinimumVisualStudioVersion = 10.0.40219.1
Project("{FAE04EC0-301F-11D3-BF4B-00C04F79EFBC}") = "WebApplication1", "WebApplication1\WebApplication1.csproj", "{D541CC70-04D9-4DFF-A2FE-E0E78FFFCEED}"
EndProject
Global
	GlobalSection(SolutionConfigurationPlatforms) = preSolution
		Debug|Any CPU = Debug|Any CPU
		Release|Any CPU = Release|Any CPU
	EndGlobalSection
	GlobalSection(ProjectConfigurationPlatforms) = postSolution
		{D541CC70-04D9-4DFF-A2FE-E0E78FFFCEED}.Debug|Any CPU.ActiveCfg = Debug|Any CPU
		{D541CC70-04D9-4DFF-A2FE-E0E78FFFCEED}.Debug|Any CPU.Build.0 = Debug|Any CPU
		{D541CC70-04D9-4DFF-A2FE-E0E78FFFCEED}.Release|Any CPU.ActiveCfg = Release|Any CPU
		{D541CC70-04D9-4DFF-A2FE-E0E78FFFCEED}.Release|Any CPU.Build.0 = Release|Any CPU
	EndGlobalSection
	GlobalSection(SolutionProperties) = preSolution
		HideSolutionNode = FALSE
	EndGlobalSection
	GlobalSection(ExtensibilityGlobals) = postSolution
		SolutionGuid = {26282173-FE53-4796-9D3D-5FD10B2F895F}
	EndGlobalSection
EndGlobal
